
Microsoft Visual Studio Solution File, Format Version 12.00
# Visual Studio 15
VisualStudioVersion = 15.0.28307.271
MinimumVisualStudioVersion = 10.0.40219.1
Project("{FAE04EC0-301F-11D3-BF4B-00C04F79EFBC}") = "SRP", "SRP\SRP.csproj", "{76F9CC15-BACE-4F1D-9BCD-5290138F4762}"
EndProject
Project("{FAE04EC0-301F-11D3-BF4B-00C04F79EFBC}") = "SRP_Violation", "SRP_Violation\SRP_Violation.csproj", "{2F0C3E71-6575-4A48-97A6-0D8004C144F3}"
EndProject
Global
	GlobalSection(SolutionConfigurationPlatforms) = preSolution
		Debug|Any CPU = Debug|Any CPU
		Release|Any CPU = Release|Any CPU
	EndGlobalSection
	GlobalSection(ProjectConfigurationPlatforms) = postSolution
		{76F9CC15-BACE-4F1D-9BCD-5290138F4762}.Debug|Any CPU.ActiveCfg = Debug|Any CPU
		{76F9CC15-BACE-4F1D-9BCD-5290138F4762}.Debug|Any CPU.Build.0 = Debug|Any CPU
		{76F9CC15-BACE-4F1D-9BCD-5290138F4762}.Release|Any CPU.ActiveCfg = Release|Any CPU
		{76F9CC15-BACE-4F1D-9BCD-5290138F4762}.Release|Any CPU.Build.0 = Release|Any CPU
		{2F0C3E71-6575-4A48-97A6-0D8004C144F3}.Debug|Any CPU.ActiveCfg = Debug|Any CPU
		{2F0C3E71-6575-4A48-97A6-0D8004C144F3}.Debug|Any CPU.Build.0 = Debug|Any CPU
		{2F0C3E71-6575-4A48-97A6-0D8004C144F3}.Release|Any CPU.ActiveCfg = Release|Any CPU
		{2F0C3E71-6575-4A48-97A6-0D8004C144F3}.Release|Any CPU.Build.0 = Release|Any CPU
	EndGlobalSection
	GlobalSection(SolutionProperties) = preSolution
		HideSolutionNode = FALSE
	EndGlobalSection
	GlobalSection(ExtensibilityGlobals) = postSolution
		SolutionGuid = {FD9853C1-0553-4C24-B978-DBBC4AFD42A2}
	EndGlobalSection
EndGlobal
