
Microsoft Visual Studio Solution File, Format Version 12.00
# Visual Studio 15
VisualStudioVersion = 15.0.28307.271
MinimumVisualStudioVersion = 10.0.40219.1
Project("{FAE04EC0-301F-11D3-BF4B-00C04F79EFBC}") = "AdapterObject", "AdapterObject\AdapterObject.csproj", "{C05A610A-6AFD-4A99-87BB-4F15BA8499EA}"
EndProject
Project("{FAE04EC0-301F-11D3-BF4B-00C04F79EFBC}") = "AdapterClass", "AdapterClass\AdapterClass.csproj", "{4ABBD415-9E37-4527-A166-67760B06DB6A}"
EndProject
Global
	GlobalSection(SolutionConfigurationPlatforms) = preSolution
		Debug|Any CPU = Debug|Any CPU
		Release|Any CPU = Release|Any CPU
	EndGlobalSection
	GlobalSection(ProjectConfigurationPlatforms) = postSolution
		{C05A610A-6AFD-4A99-87BB-4F15BA8499EA}.Debug|Any CPU.ActiveCfg = Debug|Any CPU
		{C05A610A-6AFD-4A99-87BB-4F15BA8499EA}.Debug|Any CPU.Build.0 = Debug|Any CPU
		{C05A610A-6AFD-4A99-87BB-4F15BA8499EA}.Release|Any CPU.ActiveCfg = Release|Any CPU
		{C05A610A-6AFD-4A99-87BB-4F15BA8499EA}.Release|Any CPU.Build.0 = Release|Any CPU
		{4ABBD415-9E37-4527-A166-67760B06DB6A}.Debug|Any CPU.ActiveCfg = Debug|Any CPU
		{4ABBD415-9E37-4527-A166-67760B06DB6A}.Debug|Any CPU.Build.0 = Debug|Any CPU
		{4ABBD415-9E37-4527-A166-67760B06DB6A}.Release|Any CPU.ActiveCfg = Release|Any CPU
		{4ABBD415-9E37-4527-A166-67760B06DB6A}.Release|Any CPU.Build.0 = Release|Any CPU
	EndGlobalSection
	GlobalSection(SolutionProperties) = preSolution
		HideSolutionNode = FALSE
	EndGlobalSection
	GlobalSection(ExtensibilityGlobals) = postSolution
		SolutionGuid = {C0A022BA-3E0C-470A-9327-02A896733969}
	EndGlobalSection
EndGlobal
